// !$*UTF8*$!
{
	archiveVersion = 1;
	classes = {
	};
	objectVersion = 50;
	objects = {

/* Begin PBXBuildFile section */
		95EBC458263AB028002AFA83 /* AppDelegate.swift in Sources */ = {isa = PBXBuildFile; fileRef = 95EBC457263AB028002AFA83 /* AppDelegate.swift */; };
		95EBC45A263AB028002AFA83 /* SceneDelegate.swift in Sources */ = {isa = PBXBuildFile; fileRef = 95EBC459263AB028002AFA83 /* SceneDelegate.swift */; };
		95EBC45C263AB028002AFA83 /* ViewController.swift in Sources */ = {isa = PBXBuildFile; fileRef = 95EBC45B263AB028002AFA83 /* ViewController.swift */; };
		95EBC45F263AB028002AFA83 /* Main.storyboard in Resources */ = {isa = PBXBuildFile; fileRef = 95EBC45D263AB028002AFA83 /* Main.storyboard */; };
		95EBC461263AB02E002AFA83 /* Assets.xcassets in Resources */ = {isa = PBXBuildFile; fileRef = 95EBC460263AB02E002AFA83 /* Assets.xcassets */; };
		95EBC464263AB02E002AFA83 /* LaunchScreen.storyboard in Resources */ = {isa = PBXBuildFile; fileRef = 95EBC462263AB02E002AFA83 /* LaunchScreen.storyboard */; };
		95EBC46E263AB06E002AFA83 /* CoinManager.swift in Sources */ = {isa = PBXBuildFile; fileRef = 95EBC46D263AB06E002AFA83 /* CoinManager.swift */; };
/* End PBXBuildFile section */

/* Begin PBXFileReference section */
		95EBC454263AB028002AFA83 /* ByteCoinPrices.app */ = {isa = PBXFileReference; explicitFileType = wrapper.application; includeInIndex = 0; path = ByteCoinPrices.app; sourceTree = BUILT_PRODUCTS_DIR; };
		95EBC457263AB028002AFA83 /* AppDelegate.swift */ = {isa = PBXFileReference; lastKnownFileType = sourcecode.swift; path = AppDelegate.swift; sourceTree = "<group>"; };
		95EBC459263AB028002AFA83 /* SceneDelegate.swift */ = {isa = PBXFileReference; lastKnownFileType = sourcecode.swift; path = SceneDelegate.swift; sourceTree = "<group>"; };
		95EBC45B263AB028002AFA83 /* ViewController.swift */ = {isa = PBXFileReference; lastKnownFileType = sourcecode.swift; path = ViewController.swift; sourceTree = "<group>"; };
		95EBC45E263AB028002AFA83 /* Base */ = {isa = PBXFileReference; lastKnownFileType = file.storyboard; name = Base; path = Base.lproj/Main.storyboard; sourceTree = "<group>"; };
		95EBC460263AB02E002AFA83 /* Assets.xcassets */ = {isa = PBXFileReference; lastKnownFileType = folder.assetcatalog; path = Assets.xcassets; sourceTree = "<group>"; };
		95EBC463263AB02E002AFA83 /* Base */ = {isa = PBXFileReference; lastKnownFileType = file.storyboard; name = Base; path = Base.lproj/LaunchScreen.storyboard; sourceTree = "<group>"; };
		95EBC465263AB02E002AFA83 /* Info.plist */ = {isa = PBXFileReference; lastKnownFileType = text.plist.xml; path = Info.plist; sourceTree = "<group>"; };
		95EBC46D263AB06E002AFA83 /* CoinManager.swift */ = {isa = PBXFileReference; lastKnownFileType = sourcecode.swift; path = CoinManager.swift; sourceTree = "<group>"; };
/* End PBXFileReference section */

/* Begin PBXFrameworksBuildPhase section */
		95EBC451263AB028002AFA83 /* Frameworks */ = {
			isa = PBXFrameworksBuildPhase;
			buildActionMask = 2147483647;
			files = (
			);
			runOnlyForDeploymentPostprocessing = 0;
		};
/* End PBXFrameworksBuildPhase section */

/* Begin PBXGroup section */
		95EBC44B263AB028002AFA83 = {
			isa = PBXGroup;
			children = (
				95EBC456263AB028002AFA83 /* ByteCoinPrices */,
				95EBC455263AB028002AFA83 /* Products */,
			);
			sourceTree = "<group>";
		};
		95EBC455263AB028002AFA83 /* Products */ = {
			isa = PBXGroup;
			children = (
				95EBC454263AB028002AFA83 /* ByteCoinPrices.app */,
			);
			name = Products;
			sourceTree = "<group>";
		};
		95EBC456263AB028002AFA83 /* ByteCoinPrices */ = {
			isa = PBXGroup;
			children = (
				95EBC457263AB028002AFA83 /* AppDelegate.swift */,
				95EBC459263AB028002AFA83 /* SceneDelegate.swift */,
				95EBC46C263AB03F002AFA83 /* Model */,
				95EBC46B263AB033002AFA83 /* Controller */,
				95EBC46F263AB095002AFA83 /* View */,
				95EBC460263AB02E002AFA83 /* Assets.xcassets */,
				95EBC462263AB02E002AFA83 /* LaunchScreen.storyboard */,
				95EBC465263AB02E002AFA83 /* Info.plist */,
			);
			path = ByteCoinPrices;
			sourceTree = "<group>";
		};
		95EBC46B263AB033002AFA83 /* Controller */ = {
			isa = PBXGroup;
			children = (
				95EBC45B263AB028002AFA83 /* ViewController.swift */,
			);
			path = Controller;
			sourceTree = "<group>";
		};
		95EBC46C263AB03F002AFA83 /* Model */ = {
			isa = PBXGroup;
			children = (
				95EBC46D263AB06E002AFA83 /* CoinManager.swift */,
			);
			path = Model;
			sourceTree = "<group>";
		};
		95EBC46F263AB095002AFA83 /* View */ = {
			isa = PBXGroup;
			children = (
				95EBC45D263AB028002AFA83 /* Main.storyboard */,
			);
			path = View;
			sourceTree = "<group>";
		};
/* End PBXGroup section */

/* Begin PBXNativeTarget section */
		95EBC453263AB028002AFA83 /* ByteCoinPrices */ = {
			isa = PBXNativeTarget;
			buildConfigurationList = 95EBC468263AB02E002AFA83 /* Build configuration list for PBXNativeTarget "ByteCoinPrices" */;
			buildPhases = (
				95EBC450263AB028002AFA83 /* Sources */,
				95EBC451263AB028002AFA83 /* Frameworks */,
				95EBC452263AB028002AFA83 /* Resources */,
			);
			buildRules = (
			);
			dependencies = (
			);
			name = ByteCoinPrices;
			productName = ByteCoinPrices;
			productReference = 95EBC454263AB028002AFA83 /* ByteCoinPrices.app */;
			productType = "com.apple.product-type.application";
		};
/* End PBXNativeTarget section */

/* Begin PBXProject section */
		95EBC44C263AB028002AFA83 /* Project object */ = {
			isa = PBXProject;
			attributes = {
				LastSwiftUpdateCheck = 1160;
				LastUpgradeCheck = 1160;
				ORGANIZATIONNAME = "Rauh Andrei";
				TargetAttributes = {
					95EBC453263AB028002AFA83 = {
						CreatedOnToolsVersion = 11.6;
					};
				};
			};
			buildConfigurationList = 95EBC44F263AB028002AFA83 /* Build configuration list for PBXProject "ByteCoinPrices" */;
			compatibilityVersion = "Xcode 9.3";
			developmentRegion = en;
			hasScannedForEncodings = 0;
			knownRegions = (
				en,
				Base,
			);
			mainGroup = 95EBC44B263AB028002AFA83;
			productRefGroup = 95EBC455263AB028002AFA83 /* Products */;
			projectDirPath = "";
			projectRoot = "";
			targets = (
				95EBC453263AB028002AFA83 /* ByteCoinPrices */,
			);
		};
/* End PBXProject section */

/* Begin PBXResourcesBuildPhase section */
		95EBC452263AB028002AFA83 /* Resources */ = {
			isa = PBXResourcesBuildPhase;
			buildActionMask = 2147483647;
			files = (
				95EBC464263AB02E002AFA83 /* LaunchScreen.storyboard in Resources */,
				95EBC461263AB02E002AFA83 /* Assets.xcassets in Resources */,
				95EBC45F263AB028002AFA83 /* Main.storyboard in Resources */,
			);
			runOnlyForDeploymentPostprocessing = 0;
		};
/* End PBXResourcesBuildPhase section */

/* Begin PBXSourcesBuildPhase section */
		95EBC450263AB028002AFA83 /* Sources */ = {
			isa = PBXSourcesBuildPhase;
			buildActionMask = 2147483647;
			files = (
				95EBC46E263AB06E002AFA83 /* CoinManager.swift in Sources */,
				95EBC45C263AB028002AFA83 /* ViewController.swift in Sources */,
				95EBC458263AB028002AFA83 /* AppDelegate.swift in Sources */,
				95EBC45A263AB028002AFA83 /* SceneDelegate.swift in Sources */,
			);
			runOnlyForDeploymentPostprocessing = 0;
		};
/* End PBXSourcesBuildPhase section */

/* Begin PBXVariantGroup section */
		95EBC45D263AB028002AFA83 /* Main.storyboard */ = {
			isa = PBXVariantGroup;
			children = (
				95EBC45E263AB028002AFA83 /* Base */,
			);
			name = Main.storyboard;
			sourceTree = "<group>";
		};
		95EBC462263AB02E002AFA83 /* LaunchScreen.storyboard */ = {
			isa = PBXVariantGroup;
			children = (
				95EBC463263AB02E002AFA83 /* Base */,
			);
			name = LaunchScreen.storyboard;
			sourceTree = "<group>";
		};
/* End PBXVariantGroup section */

/* Begin XCBuildConfiguration section */
		95EBC466263AB02E002AFA83 /* Debug */ = {
			isa = XCBuildConfiguration;
			buildSettings = {
				ALWAYS_SEARCH_USER_PATHS = NO;
				CLANG_ANALYZER_NONNULL = YES;
				CLANG_ANALYZER_NUMBER_OBJECT_CONVERSION = YES_AGGRESSIVE;
				CLANG_CXX_LANGUAGE_STANDARD = "gnu++14";
				CLANG_CXX_LIBRARY = "libc++";
				CLANG_ENABLE_MODULES = YES;
				CLANG_ENABLE_OBJC_ARC = YES;
				CLANG_ENABLE_OBJC_WEAK = YES;
				CLANG_WARN_BLOCK_CAPTURE_AUTORELEASING = YES;
				CLANG_WARN_BOOL_CONVERSION = YES;
				CLANG_WARN_COMMA = YES;
				CLANG_WARN_CONSTANT_CONVERSION = YES;
				CLANG_WARN_DEPRECATED_OBJC_IMPLEMENTATIONS = YES;
				CLANG_WARN_DIRECT_OBJC_ISA_USAGE = YES_ERROR;
				CLANG_WARN_DOCUMENTATION_COMMENTS = YES;
				CLANG_WARN_EMPTY_BODY = YES;
				CLANG_WARN_ENUM_CONVERSION = YES;
				CLANG_WARN_INFINITE_RECURSION = YES;
				CLANG_WARN_INT_CONVERSION = YES;
				CLANG_WARN_NON_LITERAL_NULL_CONVERSION = YES;
				CLANG_WARN_OBJC_IMPLICIT_RETAIN_SELF = YES;
				CLANG_WARN_OBJC_LITERAL_CONVERSION = YES;
				CLANG_WARN_OBJC_ROOT_CLASS = YES_ERROR;
				CLANG_WARN_RANGE_LOOP_ANALYSIS = YES;
				CLANG_WARN_STRICT_PROTOTYPES = YES;
				CLANG_WARN_SUSPICIOUS_MOVE = YES;
				CLANG_WARN_UNGUARDED_AVAILABILITY = YES_AGGRESSIVE;
				CLANG_WARN_UNREACHABLE_CODE = YES;
				CLANG_WARN__DUPLICATE_METHOD_MATCH = YES;
				COPY_PHASE_STRIP = NO;
				DEBUG_INFORMATION_FORMAT = dwarf;
				ENABLE_STRICT_OBJC_MSGSEND = YES;
				ENABLE_TESTABILITY = YES;
				GCC_C_LANGUAGE_STANDARD = gnu11;
				GCC_DYNAMIC_NO_PIC = NO;
				GCC_NO_COMMON_BLOCKS = YES;
				GCC_OPTIMIZATION_LEVEL = 0;
				GCC_PREPROCESSOR_DEFINITIONS = (
					"DEBUG=1",
					"$(inherited)",
				);
				GCC_WARN_64_TO_32_BIT_CONVERSION = YES;
				GCC_WARN_ABOUT_RETURN_TYPE = YES_ERROR;
				GCC_WARN_UNDECLARED_SELECTOR = YES;
				GCC_WARN_UNINITIALIZED_AUTOS = YES_AGGRESSIVE;
				GCC_WARN_UNUSED_FUNCTION = YES;
				GCC_WARN_UNUSED_VARIABLE = YES;
				IPHONEOS_DEPLOYMENT_TARGET = 13.6;
				MTL_ENABLE_DEBUG_INFO = INCLUDE_SOURCE;
				MTL_FAST_MATH = YES;
				ONLY_ACTIVE_ARCH = YES;
				SDKROOT = iphoneos;
				SWIFT_ACTIVE_COMPILATION_CONDITIONS = DEBUG;
				SWIFT_OPTIMIZATION_LEVEL = "-Onone";
			};
			name = Debug;
		};
		95EBC467263AB02E002AFA83 /* Release */ = {
			isa = XCBuildConfiguration;
			buildSettings = {
				ALWAYS_SEARCH_USER_PATHS = NO;
				CLANG_ANALYZER_NONNULL = YES;
				CLANG_ANALYZER_NUMBER_OBJECT_CONVERSION = YES_AGGRESSIVE;
				CLANG_CXX_LANGUAGE_STANDARD = "gnu++14";
				CLANG_CXX_LIBRARY = "libc++";
				CLANG_ENABLE_MODULES = YES;
				CLANG_ENABLE_OBJC_ARC = YES;
				CLANG_ENABLE_OBJC_WEAK = YES;
				CLANG_WARN_BLOCK_CAPTURE_AUTORELEASING = YES;
				CLANG_WARN_BOOL_CONVERSION = YES;
				CLANG_WARN_COMMA = YES;
				CLANG_WARN_CONSTANT_CONVERSION = YES;
				CLANG_WARN_DEPRECATED_OBJC_IMPLEMENTATIONS = YES;
				CLANG_WARN_DIRECT_OBJC_ISA_USAGE = YES_ERROR;
				CLANG_WARN_DOCUMENTATION_COMMENTS = YES;
				CLANG_WARN_EMPTY_BODY = YES;
				CLANG_WARN_ENUM_CONVERSION = YES;
				CLANG_WARN_INFINITE_RECURSION = YES;
				CLANG_WARN_INT_CONVERSION = YES;
				CLANG_WARN_NON_LITERAL_NULL_CONVERSION = YES;
				CLANG_WARN_OBJC_IMPLICIT_RETAIN_SELF = YES;
				CLANG_WARN_OBJC_LITERAL_CONVERSION = YES;
				CLANG_WARN_OBJC_ROOT_CLASS = YES_ERROR;
				CLANG_WARN_RANGE_LOOP_ANALYSIS = YES;
				CLANG_WARN_STRICT_PROTOTYPES = YES;
				CLANG_WARN_SUSPICIOUS_MOVE = YES;
				CLANG_WARN_UNGUARDED_AVAILABILITY = YES_AGGRESSIVE;
				CLANG_WARN_UNREACHABLE_CODE = YES;
				CLANG_WARN__DUPLICATE_METHOD_MATCH = YES;
				COPY_PHASE_STRIP = NO;
				DEBUG_INFORMATION_FORMAT = "dwarf-with-dsym";
				ENABLE_NS_ASSERTIONS = NO;
				ENABLE_STRICT_OBJC_MSGSEND = YES;
				GCC_C_LANGUAGE_STANDARD = gnu11;
				GCC_NO_COMMON_BLOCKS = YES;
				GCC_WARN_64_TO_32_BIT_CONVERSION = YES;
				GCC_WARN_ABOUT_RETURN_TYPE = YES_ERROR;
				GCC_WARN_UNDECLARED_SELECTOR = YES;
				GCC_WARN_UNINITIALIZED_AUTOS = YES_AGGRESSIVE;
				GCC_WARN_UNUSED_FUNCTION = YES;
				GCC_WARN_UNUSED_VARIABLE = YES;
				IPHONEOS_DEPLOYMENT_TARGET = 13.6;
				MTL_ENABLE_DEBUG_INFO = NO;
				MTL_FAST_MATH = YES;
				SDKROOT = iphoneos;
				SWIFT_COMPILATION_MODE = wholemodule;
				SWIFT_OPTIMIZATION_LEVEL = "-O";
				VALIDATE_PRODUCT = YES;
			};
			name = Release;
		};
		95EBC469263AB02E002AFA83 /* Debug */ = {
			isa = XCBuildConfiguration;
			buildSettings = {
				ASSETCATALOG_COMPILER_APPICON_NAME = AppIcon;
				CODE_SIGN_STYLE = Automatic;
				DEVELOPMENT_TEAM = RCVXPGDMB3;
				INFOPLIST_FILE = ByteCoinPrices/Info.plist;
				LD_RUNPATH_SEARCH_PATHS = (
					"$(inherited)",
					"@executable_path/Frameworks",
				);
				PRODUCT_BUNDLE_IDENTIFIER = "Rauh-Andrei.ByteCoinPrices";
				PRODUCT_NAME = "$(TARGET_NAME)";
				SWIFT_VERSION = 5.0;
				TARGETED_DEVICE_FAMILY = "1,2";
			};
			name = Debug;
		};
		95EBC46A263AB02E002AFA83 /* Release */ = {
			isa = XCBuildConfiguration;
			buildSettings = {
				ASSETCATALOG_COMPILER_APPICON_NAME = AppIcon;
				CODE_SIGN_STYLE = Automatic;
				DEVELOPMENT_TEAM = RCVXPGDMB3;
				INFOPLIST_FILE = ByteCoinPrices/Info.plist;
				LD_RUNPATH_SEARCH_PATHS = (
					"$(inherited)",
					"@executable_path/Frameworks",
				);
				PRODUCT_BUNDLE_IDENTIFIER = "Rauh-Andrei.ByteCoinPrices";
				PRODUCT_NAME = "$(TARGET_NAME)";
				SWIFT_VERSION = 5.0;
				TARGETED_DEVICE_FAMILY = "1,2";
			};
			name = Release;
		};
/* End XCBuildConfiguration section */

/* Begin XCConfigurationList section */
		95EBC44F263AB028002AFA83 /* Build configuration list for PBXProject "ByteCoinPrices" */ = {
			isa = XCConfigurationList;
			buildConfigurations = (
				95EBC466263AB02E002AFA83 /* Debug */,
				95EBC467263AB02E002AFA83 /* Release */,
			);
			defaultConfigurationIsVisible = 0;
			defaultConfigurationName = Release;
		};
		95EBC468263AB02E002AFA83 /* Build configuration list for PBXNativeTarget "ByteCoinPrices" */ = {
			isa = XCConfigurationList;
			buildConfigurations = (
				95EBC469263AB02E002AFA83 /* Debug */,
				95EBC46A263AB02E002AFA83 /* Release */,
			);
			defaultConfigurationIsVisible = 0;
			defaultConfigurationName = Release;
		};
/* End XCConfigurationList section */
	};
	rootObject = 95EBC44C263AB028002AFA83 /* Project object */;
}
